
Microsoft Visual Studio Solution File, Format Version 12.00
# Visual Studio Version 17
VisualStudioVersion = 17.3.32922.545
MinimumVisualStudioVersion = 10.0.40219.1
Project("{FAE04EC0-301F-11D3-BF4B-00C04F79EFBC}") = "api-autores", "api-autores\api-autores.csproj", "{5F58667D-5D30-49DB-90E3-E3BE79EC0A74}"
EndProject
Global
	GlobalSection(SolutionConfigurationPlatforms) = preSolution
		Debug|Any CPU = Debug|Any CPU
		Release|Any CPU = Release|Any CPU
	EndGlobalSection
	GlobalSection(ProjectConfigurationPlatforms) = postSolution
		{5F58667D-5D30-49DB-90E3-E3BE79EC0A74}.Debug|Any CPU.ActiveCfg = Debug|Any CPU
		{5F58667D-5D30-49DB-90E3-E3BE79EC0A74}.Debug|Any CPU.Build.0 = Debug|Any CPU
		{5F58667D-5D30-49DB-90E3-E3BE79EC0A74}.Release|Any CPU.ActiveCfg = Release|Any CPU
		{5F58667D-5D30-49DB-90E3-E3BE79EC0A74}.Release|Any CPU.Build.0 = Release|Any CPU
	EndGlobalSection
	GlobalSection(SolutionProperties) = preSolution
		HideSolutionNode = FALSE
	EndGlobalSection
	GlobalSection(ExtensibilityGlobals) = postSolution
		SolutionGuid = {326EEF0B-1841-4986-AE24-A8EF93CF2784}
	EndGlobalSection
EndGlobal
